
Microsoft Visual Studio Solution File, Format Version 12.00
# Visual Studio Version 17
VisualStudioVersion = 17.3.32922.545
MinimumVisualStudioVersion = 10.0.40219.1
Project("{FAE04EC0-301F-11D3-BF4B-00C04F79EFBC}") = "Task22", "Task22\Task22.csproj", "{3321CF95-C30E-418D-A70C-3E43A50C12FD}"
EndProject
Global
	GlobalSection(SolutionConfigurationPlatforms) = preSolution
		Debug|Any CPU = Debug|Any CPU
		Release|Any CPU = Release|Any CPU
	EndGlobalSection
	GlobalSection(ProjectConfigurationPlatforms) = postSolution
		{3321CF95-C30E-418D-A70C-3E43A50C12FD}.Debug|Any CPU.ActiveCfg = Debug|Any CPU
		{3321CF95-C30E-418D-A70C-3E43A50C12FD}.Debug|Any CPU.Build.0 = Debug|Any CPU
		{3321CF95-C30E-418D-A70C-3E43A50C12FD}.Release|Any CPU.ActiveCfg = Release|Any CPU
		{3321CF95-C30E-418D-A70C-3E43A50C12FD}.Release|Any CPU.Build.0 = Release|Any CPU
	EndGlobalSection
	GlobalSection(SolutionProperties) = preSolution
		HideSolutionNode = FALSE
	EndGlobalSection
	GlobalSection(ExtensibilityGlobals) = postSolution
		SolutionGuid = {ECC60440-895A-4634-A05D-6405DB2E807A}
	EndGlobalSection
EndGlobal
